
Microsoft Visual Studio Solution File, Format Version 12.00
# Visual Studio Version 16
VisualStudioVersion = 16.0.29403.142
MinimumVisualStudioVersion = 10.0.40219.1
Project("{FAE04EC0-301F-11D3-BF4B-00C04F79EFBC}") = "Ex4", "Ex4\Ex4.csproj", "{6B2EDA68-E17D-48C5-B6DB-64189AC87DFF}"
EndProject
Project("{FAE04EC0-301F-11D3-BF4B-00C04F79EFBC}") = "Pizza", "Pizza\Pizza.csproj", "{6844F51A-8CA6-4D83-88BD-598B79E52284}"
EndProject
Project("{FAE04EC0-301F-11D3-BF4B-00C04F79EFBC}") = "Hotel", "Hotel\Hotel.csproj", "{7F893145-8182-498A-846F-1823ABB92DC6}"
EndProject
Global
	GlobalSection(SolutionConfigurationPlatforms) = preSolution
		Debug|Any CPU = Debug|Any CPU
		Release|Any CPU = Release|Any CPU
	EndGlobalSection
	GlobalSection(ProjectConfigurationPlatforms) = postSolution
		{6B2EDA68-E17D-48C5-B6DB-64189AC87DFF}.Debug|Any CPU.ActiveCfg = Debug|Any CPU
		{6B2EDA68-E17D-48C5-B6DB-64189AC87DFF}.Debug|Any CPU.Build.0 = Debug|Any CPU
		{6B2EDA68-E17D-48C5-B6DB-64189AC87DFF}.Release|Any CPU.ActiveCfg = Release|Any CPU
		{6B2EDA68-E17D-48C5-B6DB-64189AC87DFF}.Release|Any CPU.Build.0 = Release|Any CPU
		{6844F51A-8CA6-4D83-88BD-598B79E52284}.Debug|Any CPU.ActiveCfg = Debug|Any CPU
		{6844F51A-8CA6-4D83-88BD-598B79E52284}.Debug|Any CPU.Build.0 = Debug|Any CPU
		{6844F51A-8CA6-4D83-88BD-598B79E52284}.Release|Any CPU.ActiveCfg = Release|Any CPU
		{6844F51A-8CA6-4D83-88BD-598B79E52284}.Release|Any CPU.Build.0 = Release|Any CPU
		{7F893145-8182-498A-846F-1823ABB92DC6}.Debug|Any CPU.ActiveCfg = Debug|Any CPU
		{7F893145-8182-498A-846F-1823ABB92DC6}.Debug|Any CPU.Build.0 = Debug|Any CPU
		{7F893145-8182-498A-846F-1823ABB92DC6}.Release|Any CPU.ActiveCfg = Release|Any CPU
		{7F893145-8182-498A-846F-1823ABB92DC6}.Release|Any CPU.Build.0 = Release|Any CPU
	EndGlobalSection
	GlobalSection(SolutionProperties) = preSolution
		HideSolutionNode = FALSE
	EndGlobalSection
	GlobalSection(ExtensibilityGlobals) = postSolution
		SolutionGuid = {A34C73B4-9FD6-423A-83B0-5802BEFD216C}
	EndGlobalSection
EndGlobal
